// !$*UTF8*$!
{
	archiveVersion = 1;
	classes = {
	};
	objectVersion = 46;
	objects = {

/* Begin PBXBuildFile section */
		FE35AD591AE4140000590522 /* main.m in Sources */ = {isa = PBXBuildFile; fileRef = FE35AD581AE4140000590522 /* main.m */; };
		FE35AD5C1AE4140000590522 /* AppDelegate.m in Sources */ = {isa = PBXBuildFile; fileRef = FE35AD5B1AE4140000590522 /* AppDelegate.m */; };
		FE35AD5F1AE4140000590522 /* FirstViewController.m in Sources */ = {isa = PBXBuildFile; fileRef = FE35AD5E1AE4140000590522 /* FirstViewController.m */; };
		FE35AD621AE4140000590522 /* SecondViewController.m in Sources */ = {isa = PBXBuildFile; fileRef = FE35AD611AE4140000590522 /* SecondViewController.m */; };
		FE35AD651AE4140000590522 /* Main.storyboard in Resources */ = {isa = PBXBuildFile; fileRef = FE35AD631AE4140000590522 /* Main.storyboard */; };
		FE35AD671AE4140000590522 /* Images.xcassets in Resources */ = {isa = PBXBuildFile; fileRef = FE35AD661AE4140000590522 /* Images.xcassets */; };
		FE35AD6A1AE4140000590522 /* LaunchScreen.xib in Resources */ = {isa = PBXBuildFile; fileRef = FE35AD681AE4140000590522 /* LaunchScreen.xib */; };
		FE35AD761AE4140000590522 /* TabTestTests.m in Sources */ = {isa = PBXBuildFile; fileRef = FE35AD751AE4140000590522 /* TabTestTests.m */; };
		FE35AD821AE41AC500590522 /* ThirdViewController.m in Sources */ = {isa = PBXBuildFile; fileRef = FE35AD801AE41AC500590522 /* ThirdViewController.m */; };
		FE35AD831AE41AC500590522 /* ThirdViewController.xib in Resources */ = {isa = PBXBuildFile; fileRef = FE35AD811AE41AC500590522 /* ThirdViewController.xib */; };
/* End PBXBuildFile section */

/* Begin PBXContainerItemProxy section */
		FE35AD701AE4140000590522 /* PBXContainerItemProxy */ = {
			isa = PBXContainerItemProxy;
			containerPortal = FE35AD4B1AE4140000590522 /* Project object */;
			proxyType = 1;
			remoteGlobalIDString = FE35AD521AE4140000590522;
			remoteInfo = TabTest;
		};
/* End PBXContainerItemProxy section */

/* Begin PBXFileReference section */
		FE35AD531AE4140000590522 /* TabTest.app */ = {isa = PBXFileReference; explicitFileType = wrapper.application; includeInIndex = 0; path = TabTest.app; sourceTree = BUILT_PRODUCTS_DIR; };
		FE35AD571AE4140000590522 /* Info.plist */ = {isa = PBXFileReference; lastKnownFileType = text.plist.xml; path = Info.plist; sourceTree = "<group>"; };
		FE35AD581AE4140000590522 /* main.m */ = {isa = PBXFileReference; lastKnownFileType = sourcecode.c.objc; path = main.m; sourceTree = "<group>"; };
		FE35AD5A1AE4140000590522 /* AppDelegate.h */ = {isa = PBXFileReference; lastKnownFileType = sourcecode.c.h; path = AppDelegate.h; sourceTree = "<group>"; };
		FE35AD5B1AE4140000590522 /* AppDelegate.m */ = {isa = PBXFileReference; lastKnownFileType = sourcecode.c.objc; path = AppDelegate.m; sourceTree = "<group>"; };
		FE35AD5D1AE4140000590522 /* FirstViewController.h */ = {isa = PBXFileReference; lastKnownFileType = sourcecode.c.h; path = FirstViewController.h; sourceTree = "<group>"; };
		FE35AD5E1AE4140000590522 /* FirstViewController.m */ = {isa = PBXFileReference; lastKnownFileType = sourcecode.c.objc; path = FirstViewController.m; sourceTree = "<group>"; };
		FE35AD601AE4140000590522 /* SecondViewController.h */ = {isa = PBXFileReference; lastKnownFileType = sourcecode.c.h; path = SecondViewController.h; sourceTree = "<group>"; };
		FE35AD611AE4140000590522 /* SecondViewController.m */ = {isa = PBXFileReference; lastKnownFileType = sourcecode.c.objc; path = SecondViewController.m; sourceTree = "<group>"; };
		FE35AD641AE4140000590522 /* Base */ = {isa = PBXFileReference; lastKnownFileType = file.storyboard; name = Base; path = Base.lproj/Main.storyboard; sourceTree = "<group>"; };
		FE35AD661AE4140000590522 /* Images.xcassets */ = {isa = PBXFileReference; lastKnownFileType = folder.assetcatalog; path = Images.xcassets; sourceTree = "<group>"; };
		FE35AD691AE4140000590522 /* Base */ = {isa = PBXFileReference; lastKnownFileType = file.xib; name = Base; path = Base.lproj/LaunchScreen.xib; sourceTree = "<group>"; };
		FE35AD6F1AE4140000590522 /* TabTestTests.xctest */ = {isa = PBXFileReference; explicitFileType = wrapper.cfbundle; includeInIndex = 0; path = TabTestTests.xctest; sourceTree = BUILT_PRODUCTS_DIR; };
		FE35AD741AE4140000590522 /* Info.plist */ = {isa = PBXFileReference; lastKnownFileType = text.plist.xml; path = Info.plist; sourceTree = "<group>"; };
		FE35AD751AE4140000590522 /* TabTestTests.m */ = {isa = PBXFileReference; lastKnownFileType = sourcecode.c.objc; path = TabTestTests.m; sourceTree = "<group>"; };
		FE35AD7F1AE41AC500590522 /* ThirdViewController.h */ = {isa = PBXFileReference; fileEncoding = 4; lastKnownFileType = sourcecode.c.h; path = ThirdViewController.h; sourceTree = "<group>"; };
		FE35AD801AE41AC500590522 /* ThirdViewController.m */ = {isa = PBXFileReference; fileEncoding = 4; lastKnownFileType = sourcecode.c.objc; path = ThirdViewController.m; sourceTree = "<group>"; };
		FE35AD811AE41AC500590522 /* ThirdViewController.xib */ = {isa = PBXFileReference; fileEncoding = 4; lastKnownFileType = file.xib; path = ThirdViewController.xib; sourceTree = "<group>"; };
/* End PBXFileReference section */

/* Begin PBXFrameworksBuildPhase section */
		FE35AD501AE4140000590522 /* Frameworks */ = {
			isa = PBXFrameworksBuildPhase;
			buildActionMask = 2147483647;
			files = (
			);
			runOnlyForDeploymentPostprocessing = 0;
		};
		FE35AD6C1AE4140000590522 /* Frameworks */ = {
			isa = PBXFrameworksBuildPhase;
			buildActionMask = 2147483647;
			files = (
			);
			runOnlyForDeploymentPostprocessing = 0;
		};
/* End PBXFrameworksBuildPhase section */

/* Begin PBXGroup section */
		FE35AD4A1AE4140000590522 = {
			isa = PBXGroup;
			children = (
				FE35AD551AE4140000590522 /* TabTest */,
				FE35AD721AE4140000590522 /* TabTestTests */,
				FE35AD541AE4140000590522 /* Products */,
			);
			sourceTree = "<group>";
		};
		FE35AD541AE4140000590522 /* Products */ = {
			isa = PBXGroup;
			children = (
				FE35AD531AE4140000590522 /* TabTest.app */,
				FE35AD6F1AE4140000590522 /* TabTestTests.xctest */,
			);
			name = Products;
			sourceTree = "<group>";
		};
		FE35AD551AE4140000590522 /* TabTest */ = {
			isa = PBXGroup;
			children = (
				FE35AD5A1AE4140000590522 /* AppDelegate.h */,
				FE35AD5B1AE4140000590522 /* AppDelegate.m */,
				FE35AD5D1AE4140000590522 /* FirstViewController.h */,
				FE35AD5E1AE4140000590522 /* FirstViewController.m */,
				FE35AD601AE4140000590522 /* SecondViewController.h */,
				FE35AD611AE4140000590522 /* SecondViewController.m */,
				FE35AD631AE4140000590522 /* Main.storyboard */,
				FE35AD661AE4140000590522 /* Images.xcassets */,
				FE35AD681AE4140000590522 /* LaunchScreen.xib */,
				FE35AD561AE4140000590522 /* Supporting Files */,
				FE35AD7F1AE41AC500590522 /* ThirdViewController.h */,
				FE35AD801AE41AC500590522 /* ThirdViewController.m */,
				FE35AD811AE41AC500590522 /* ThirdViewController.xib */,
			);
			path = TabTest;
			sourceTree = "<group>";
		};
		FE35AD561AE4140000590522 /* Supporting Files */ = {
			isa = PBXGroup;
			children = (
				FE35AD571AE4140000590522 /* Info.plist */,
				FE35AD581AE4140000590522 /* main.m */,
			);
			name = "Supporting Files";
			sourceTree = "<group>";
		};
		FE35AD721AE4140000590522 /* TabTestTests */ = {
			isa = PBXGroup;
			children = (
				FE35AD751AE4140000590522 /* TabTestTests.m */,
				FE35AD731AE4140000590522 /* Supporting Files */,
			);
			path = TabTestTests;
			sourceTree = "<group>";
		};
		FE35AD731AE4140000590522 /* Supporting Files */ = {
			isa = PBXGroup;
			children = (
				FE35AD741AE4140000590522 /* Info.plist */,
			);
			name = "Supporting Files";
			sourceTree = "<group>";
		};
/* End PBXGroup section */

/* Begin PBXNativeTarget section */
		FE35AD521AE4140000590522 /* TabTest */ = {
			isa = PBXNativeTarget;
			buildConfigurationList = FE35AD791AE4140000590522 /* Build configuration list for PBXNativeTarget "TabTest" */;
			buildPhases = (
				FE35AD4F1AE4140000590522 /* Sources */,
				FE35AD501AE4140000590522 /* Frameworks */,
				FE35AD511AE4140000590522 /* Resources */,
			);
			buildRules = (
			);
			dependencies = (
			);
			name = TabTest;
			productName = TabTest;
			productReference = FE35AD531AE4140000590522 /* TabTest.app */;
			productType = "com.apple.product-type.application";
		};
		FE35AD6E1AE4140000590522 /* TabTestTests */ = {
			isa = PBXNativeTarget;
			buildConfigurationList = FE35AD7C1AE4140000590522 /* Build configuration list for PBXNativeTarget "TabTestTests" */;
			buildPhases = (
				FE35AD6B1AE4140000590522 /* Sources */,
				FE35AD6C1AE4140000590522 /* Frameworks */,
				FE35AD6D1AE4140000590522 /* Resources */,
			);
			buildRules = (
			);
			dependencies = (
				FE35AD711AE4140000590522 /* PBXTargetDependency */,
			);
			name = TabTestTests;
			productName = TabTestTests;
			productReference = FE35AD6F1AE4140000590522 /* TabTestTests.xctest */;
			productType = "com.apple.product-type.bundle.unit-test";
		};
/* End PBXNativeTarget section */

/* Begin PBXProject section */
		FE35AD4B1AE4140000590522 /* Project object */ = {
			isa = PBXProject;
			attributes = {
				LastUpgradeCheck = 0610;
				ORGANIZATIONNAME = LordGanesh;
				TargetAttributes = {
					FE35AD521AE4140000590522 = {
						CreatedOnToolsVersion = 6.1.1;
					};
					FE35AD6E1AE4140000590522 = {
						CreatedOnToolsVersion = 6.1.1;
						TestTargetID = FE35AD521AE4140000590522;
					};
				};
			};
			buildConfigurationList = FE35AD4E1AE4140000590522 /* Build configuration list for PBXProject "TabTest" */;
			compatibilityVersion = "Xcode 3.2";
			developmentRegion = English;
			hasScannedForEncodings = 0;
			knownRegions = (
				en,
				Base,
			);
			mainGroup = FE35AD4A1AE4140000590522;
			productRefGroup = FE35AD541AE4140000590522 /* Products */;
			projectDirPath = "";
			projectRoot = "";
			targets = (
				FE35AD521AE4140000590522 /* TabTest */,
				FE35AD6E1AE4140000590522 /* TabTestTests */,
			);
		};
/* End PBXProject section */

/* Begin PBXResourcesBuildPhase section */
		FE35AD511AE4140000590522 /* Resources */ = {
			isa = PBXResourcesBuildPhase;
			buildActionMask = 2147483647;
			files = (
				FE35AD651AE4140000590522 /* Main.storyboard in Resources */,
				FE35AD6A1AE4140000590522 /* LaunchScreen.xib in Resources */,
				FE35AD831AE41AC500590522 /* ThirdViewController.xib in Resources */,
				FE35AD671AE4140000590522 /* Images.xcassets in Resources */,
			);
			runOnlyForDeploymentPostprocessing = 0;
		};
		FE35AD6D1AE4140000590522 /* Resources */ = {
			isa = PBXResourcesBuildPhase;
			buildActionMask = 2147483647;
			files = (
			);
			runOnlyForDeploymentPostprocessing = 0;
		};
/* End PBXResourcesBuildPhase section */

/* Begin PBXSourcesBuildPhase section */
		FE35AD4F1AE4140000590522 /* Sources */ = {
			isa = PBXSourcesBuildPhase;
			buildActionMask = 2147483647;
			files = (
				FE35AD621AE4140000590522 /* SecondViewController.m in Sources */,
				FE35AD821AE41AC500590522 /* ThirdViewController.m in Sources */,
				FE35AD5C1AE4140000590522 /* AppDelegate.m in Sources */,
				FE35AD5F1AE4140000590522 /* FirstViewController.m in Sources */,
				FE35AD591AE4140000590522 /* main.m in Sources */,
			);
			runOnlyForDeploymentPostprocessing = 0;
		};
		FE35AD6B1AE4140000590522 /* Sources */ = {
			isa = PBXSourcesBuildPhase;
			buildActionMask = 2147483647;
			files = (
				FE35AD761AE4140000590522 /* TabTestTests.m in Sources */,
			);
			runOnlyForDeploymentPostprocessing = 0;
		};
/* End PBXSourcesBuildPhase section */

/* Begin PBXTargetDependency section */
		FE35AD711AE4140000590522 /* PBXTargetDependency */ = {
			isa = PBXTargetDependency;
			target = FE35AD521AE4140000590522 /* TabTest */;
			targetProxy = FE35AD701AE4140000590522 /* PBXContainerItemProxy */;
		};
/* End PBXTargetDependency section */

/* Begin PBXVariantGroup section */
		FE35AD631AE4140000590522 /* Main.storyboard */ = {
			isa = PBXVariantGroup;
			children = (
				FE35AD641AE4140000590522 /* Base */,
			);
			name = Main.storyboard;
			sourceTree = "<group>";
		};
		FE35AD681AE4140000590522 /* LaunchScreen.xib */ = {
			isa = PBXVariantGroup;
			children = (
				FE35AD691AE4140000590522 /* Base */,
			);
			name = LaunchScreen.xib;
			sourceTree = "<group>";
		};
/* End PBXVariantGroup section */

/* Begin XCBuildConfiguration section */
		FE35AD771AE4140000590522 /* Debug */ = {
			isa = XCBuildConfiguration;
			buildSettings = {
				ALWAYS_SEARCH_USER_PATHS = NO;
				CLANG_CXX_LANGUAGE_STANDARD = "gnu++0x";
				CLANG_CXX_LIBRARY = "libc++";
				CLANG_ENABLE_MODULES = YES;
				CLANG_ENABLE_OBJC_ARC = YES;
				CLANG_WARN_BOOL_CONVERSION = YES;
				CLANG_WARN_CONSTANT_CONVERSION = YES;
				CLANG_WARN_DIRECT_OBJC_ISA_USAGE = YES_ERROR;
				CLANG_WARN_EMPTY_BODY = YES;
				CLANG_WARN_ENUM_CONVERSION = YES;
				CLANG_WARN_INT_CONVERSION = YES;
				CLANG_WARN_OBJC_ROOT_CLASS = YES_ERROR;
				CLANG_WARN_UNREACHABLE_CODE = YES;
				CLANG_WARN__DUPLICATE_METHOD_MATCH = YES;
				"CODE_SIGN_IDENTITY[sdk=iphoneos*]" = "iPhone Developer";
				COPY_PHASE_STRIP = NO;
				ENABLE_STRICT_OBJC_MSGSEND = YES;
				GCC_C_LANGUAGE_STANDARD = gnu99;
				GCC_DYNAMIC_NO_PIC = NO;
				GCC_OPTIMIZATION_LEVEL = 0;
				GCC_PREPROCESSOR_DEFINITIONS = (
					"DEBUG=1",
					"$(inherited)",
				);
				GCC_SYMBOLS_PRIVATE_EXTERN = NO;
				GCC_WARN_64_TO_32_BIT_CONVERSION = YES;
				GCC_WARN_ABOUT_RETURN_TYPE = YES_ERROR;
				GCC_WARN_UNDECLARED_SELECTOR = YES;
				GCC_WARN_UNINITIALIZED_AUTOS = YES_AGGRESSIVE;
				GCC_WARN_UNUSED_FUNCTION = YES;
				GCC_WARN_UNUSED_VARIABLE = YES;
				IPHONEOS_DEPLOYMENT_TARGET = 8.1;
				MTL_ENABLE_DEBUG_INFO = YES;
				ONLY_ACTIVE_ARCH = YES;
				SDKROOT = iphoneos;
				TARGETED_DEVICE_FAMILY = "1,2";
			};
			name = Debug;
		};
		FE35AD781AE4140000590522 /* Release */ = {
			isa = XCBuildConfiguration;
			buildSettings = {
				ALWAYS_SEARCH_USER_PATHS = NO;
				CLANG_CXX_LANGUAGE_STANDARD = "gnu++0x";
				CLANG_CXX_LIBRARY = "libc++";
				CLANG_ENABLE_MODULES = YES;
				CLANG_ENABLE_OBJC_ARC = YES;
				CLANG_WARN_BOOL_CONVERSION = YES;
				CLANG_WARN_CONSTANT_CONVERSION = YES;
				CLANG_WARN_DIRECT_OBJC_ISA_USAGE = YES_ERROR;
				CLANG_WARN_EMPTY_BODY = YES;
				CLANG_WARN_ENUM_CONVERSION = YES;
				CLANG_WARN_INT_CONVERSION = YES;
				CLANG_WARN_OBJC_ROOT_CLASS = YES_ERROR;
				CLANG_WARN_UNREACHABLE_CODE = YES;
				CLANG_WARN__DUPLICATE_METHOD_MATCH = YES;
				"CODE_SIGN_IDENTITY[sdk=iphoneos*]" = "iPhone Developer";
				COPY_PHASE_STRIP = YES;
				ENABLE_NS_ASSERTIONS = NO;
				ENABLE_STRICT_OBJC_MSGSEND = YES;
				GCC_C_LANGUAGE_STANDARD = gnu99;
				GCC_WARN_64_TO_32_BIT_CONVERSION = YES;
				GCC_WARN_ABOUT_RETURN_TYPE = YES_ERROR;
				GCC_WARN_UNDECLARED_SELECTOR = YES;
				GCC_WARN_UNINITIALIZED_AUTOS = YES_AGGRESSIVE;
				GCC_WARN_UNUSED_FUNCTION = YES;
				GCC_WARN_UNUSED_VARIABLE = YES;
				IPHONEOS_DEPLOYMENT_TARGET = 8.1;
				MTL_ENABLE_DEBUG_INFO = NO;
				SDKROOT = iphoneos;
				TARGETED_DEVICE_FAMILY = "1,2";
				VALIDATE_PRODUCT = YES;
			};
			name = Release;
		};
		FE35AD7A1AE4140000590522 /* Debug */ = {
			isa = XCBuildConfiguration;
			buildSettings = {
				ASSETCATALOG_COMPILER_APPICON_NAME = AppIcon;
				INFOPLIST_FILE = TabTest/Info.plist;
				LD_RUNPATH_SEARCH_PATHS = "$(inherited) @executable_path/Frameworks";
				PRODUCT_NAME = "$(TARGET_NAME)";
			};
			name = Debug;
		};
		FE35AD7B1AE4140000590522 /* Release */ = {
			isa = XCBuildConfiguration;
			buildSettings = {
				ASSETCATALOG_COMPILER_APPICON_NAME = AppIcon;
				INFOPLIST_FILE = TabTest/Info.plist;
				LD_RUNPATH_SEARCH_PATHS = "$(inherited) @executable_path/Frameworks";
				PRODUCT_NAME = "$(TARGET_NAME)";
			};
			name = Release;
		};
		FE35AD7D1AE4140000590522 /* Debug */ = {
			isa = XCBuildConfiguration;
			buildSettings = {
				BUNDLE_LOADER = "$(TEST_HOST)";
				FRAMEWORK_SEARCH_PATHS = (
					"$(SDKROOT)/Developer/Library/Frameworks",
					"$(inherited)",
				);
				GCC_PREPROCESSOR_DEFINITIONS = (
					"DEBUG=1",
					"$(inherited)",
				);
				INFOPLIST_FILE = TabTestTests/Info.plist;
				LD_RUNPATH_SEARCH_PATHS = "$(inherited) @executable_path/Frameworks @loader_path/Frameworks";
				PRODUCT_NAME = "$(TARGET_NAME)";
				TEST_HOST = "$(BUILT_PRODUCTS_DIR)/TabTest.app/TabTest";
			};
			name = Debug;
		};
		FE35AD7E1AE4140000590522 /* Release */ = {
			isa = XCBuildConfiguration;
			buildSettings = {
				BUNDLE_LOADER = "$(TEST_HOST)";
				FRAMEWORK_SEARCH_PATHS = (
					"$(SDKROOT)/Developer/Library/Frameworks",
					"$(inherited)",
				);
				INFOPLIST_FILE = TabTestTests/Info.plist;
				LD_RUNPATH_SEARCH_PATHS = "$(inherited) @executable_path/Frameworks @loader_path/Frameworks";
				PRODUCT_NAME = "$(TARGET_NAME)";
				TEST_HOST = "$(BUILT_PRODUCTS_DIR)/TabTest.app/TabTest";
			};
			name = Release;
		};
/* End XCBuildConfiguration section */

/* Begin XCConfigurationList section */
		FE35AD4E1AE4140000590522 /* Build configuration list for PBXProject "TabTest" */ = {
			isa = XCConfigurationList;
			buildConfigurations = (
				FE35AD771AE4140000590522 /* Debug */,
				FE35AD781AE4140000590522 /* Release */,
			);
			defaultConfigurationIsVisible = 0;
			defaultConfigurationName = Release;
		};
		FE35AD791AE4140000590522 /* Build configuration list for PBXNativeTarget "TabTest" */ = {
			isa = XCConfigurationList;
			buildConfigurations = (
				FE35AD7A1AE4140000590522 /* Debug */,
				FE35AD7B1AE4140000590522 /* Release */,
			);
			defaultConfigurationIsVisible = 0;
		};
		FE35AD7C1AE4140000590522 /* Build configuration list for PBXNativeTarget "TabTestTests" */ = {
			isa = XCConfigurationList;
			buildConfigurations = (
				FE35AD7D1AE4140000590522 /* Debug */,
				FE35AD7E1AE4140000590522 /* Release */,
			);
			defaultConfigurationIsVisible = 0;
		};
/* End XCConfigurationList section */
	};
	rootObject = FE35AD4B1AE4140000590522 /* Project object */;
}
